
Microsoft Visual Studio Solution File, Format Version 12.00
# Visual Studio Version 16
VisualStudioVersion = 16.0.30223.230
MinimumVisualStudioVersion = 10.0.40219.1
Project("{FAE04EC0-301F-11D3-BF4B-00C04F79EFBC}") = "LocalizationTool", "LocalizationTool\LocalizationTool.csproj", "{00F428B9-1B54-40D7-B752-879D096D5231}"
EndProject
Global
	GlobalSection(SolutionConfigurationPlatforms) = preSolution
		Debug|Any CPU = Debug|Any CPU
		Release|Any CPU = Release|Any CPU
	EndGlobalSection
	GlobalSection(ProjectConfigurationPlatforms) = postSolution
		{00F428B9-1B54-40D7-B752-879D096D5231}.Debug|Any CPU.ActiveCfg = Debug|Any CPU
		{00F428B9-1B54-40D7-B752-879D096D5231}.Debug|Any CPU.Build.0 = Debug|Any CPU
		{00F428B9-1B54-40D7-B752-879D096D5231}.Release|Any CPU.ActiveCfg = Release|Any CPU
		{00F428B9-1B54-40D7-B752-879D096D5231}.Release|Any CPU.Build.0 = Release|Any CPU
	EndGlobalSection
	GlobalSection(SolutionProperties) = preSolution
		HideSolutionNode = FALSE
	EndGlobalSection
	GlobalSection(ExtensibilityGlobals) = postSolution
		SolutionGuid = {53C4F5D7-EE6B-4BAD-9F7B-002ECDBFBFBB}
	EndGlobalSection
EndGlobal
